
Microsoft Visual Studio Solution File, Format Version 12.00
# Visual Studio Version 17
VisualStudioVersion = 17.3.32825.248
MinimumVisualStudioVersion = 10.0.40219.1
Project("{FAE04EC0-301F-11D3-BF4B-00C04F79EFBC}") = "Jokes.Web", "Jokes.Web\Jokes.Web.csproj", "{72F87700-AE70-4F65-881A-2957D0D66CF5}"
EndProject
Project("{FAE04EC0-301F-11D3-BF4B-00C04F79EFBC}") = "Jokes.Data", "Jokes.Data\Jokes.Data.csproj", "{446C949C-66CC-4127-91AE-5C3A3652E885}"
EndProject
Global
	GlobalSection(SolutionConfigurationPlatforms) = preSolution
		Debug|Any CPU = Debug|Any CPU
		Release|Any CPU = Release|Any CPU
	EndGlobalSection
	GlobalSection(ProjectConfigurationPlatforms) = postSolution
		{72F87700-AE70-4F65-881A-2957D0D66CF5}.Debug|Any CPU.ActiveCfg = Debug|Any CPU
		{72F87700-AE70-4F65-881A-2957D0D66CF5}.Debug|Any CPU.Build.0 = Debug|Any CPU
		{72F87700-AE70-4F65-881A-2957D0D66CF5}.Release|Any CPU.ActiveCfg = Release|Any CPU
		{72F87700-AE70-4F65-881A-2957D0D66CF5}.Release|Any CPU.Build.0 = Release|Any CPU
		{446C949C-66CC-4127-91AE-5C3A3652E885}.Debug|Any CPU.ActiveCfg = Debug|Any CPU
		{446C949C-66CC-4127-91AE-5C3A3652E885}.Debug|Any CPU.Build.0 = Debug|Any CPU
		{446C949C-66CC-4127-91AE-5C3A3652E885}.Release|Any CPU.ActiveCfg = Release|Any CPU
		{446C949C-66CC-4127-91AE-5C3A3652E885}.Release|Any CPU.Build.0 = Release|Any CPU
	EndGlobalSection
	GlobalSection(SolutionProperties) = preSolution
		HideSolutionNode = FALSE
	EndGlobalSection
	GlobalSection(ExtensibilityGlobals) = postSolution
		SolutionGuid = {FCC2E4EE-EDC6-4A0F-A537-40C417E2D8B8}
	EndGlobalSection
EndGlobal
